// !$*UTF8*$!
{
	archiveVersion = 1;
	classes = {
	};
	objectVersion = 46;
	objects = {

/* Begin PBXBuildFile section */
		775D51C91E35864700E0C74B /* AppDelegate.swift in Sources */ = {isa = PBXBuildFile; fileRef = 775D51C81E35864700E0C74B /* AppDelegate.swift */; };
		775D51CB1E35864700E0C74B /* ViewController.swift in Sources */ = {isa = PBXBuildFile; fileRef = 775D51CA1E35864700E0C74B /* ViewController.swift */; };
		775D51CE1E35864700E0C74B /* Main.storyboard in Resources */ = {isa = PBXBuildFile; fileRef = 775D51CC1E35864700E0C74B /* Main.storyboard */; };
		775D51D01E35864700E0C74B /* Assets.xcassets in Resources */ = {isa = PBXBuildFile; fileRef = 775D51CF1E35864700E0C74B /* Assets.xcassets */; };
		775D51D31E35864700E0C74B /* LaunchScreen.storyboard in Resources */ = {isa = PBXBuildFile; fileRef = 775D51D11E35864700E0C74B /* LaunchScreen.storyboard */; };
		77A834861E35906000178BDA /* ShortcutManager.swift in Sources */ = {isa = PBXBuildFile; fileRef = 77A834851E35906000178BDA /* ShortcutManager.swift */; };
/* End PBXBuildFile section */

/* Begin PBXFileReference section */
		775D51C51E35864700E0C74B /* DAApplicationShortcuts.app */ = {isa = PBXFileReference; explicitFileType = wrapper.application; includeInIndex = 0; path = DAApplicationShortcuts.app; sourceTree = BUILT_PRODUCTS_DIR; };
		775D51C81E35864700E0C74B /* AppDelegate.swift */ = {isa = PBXFileReference; lastKnownFileType = sourcecode.swift; path = AppDelegate.swift; sourceTree = "<group>"; };
		775D51CA1E35864700E0C74B /* ViewController.swift */ = {isa = PBXFileReference; lastKnownFileType = sourcecode.swift; path = ViewController.swift; sourceTree = "<group>"; };
		775D51CD1E35864700E0C74B /* Base */ = {isa = PBXFileReference; lastKnownFileType = file.storyboard; name = Base; path = Base.lproj/Main.storyboard; sourceTree = "<group>"; };
		775D51CF1E35864700E0C74B /* Assets.xcassets */ = {isa = PBXFileReference; lastKnownFileType = folder.assetcatalog; path = Assets.xcassets; sourceTree = "<group>"; };
		775D51D21E35864700E0C74B /* Base */ = {isa = PBXFileReference; lastKnownFileType = file.storyboard; name = Base; path = Base.lproj/LaunchScreen.storyboard; sourceTree = "<group>"; };
		775D51D41E35864700E0C74B /* Info.plist */ = {isa = PBXFileReference; lastKnownFileType = text.plist.xml; path = Info.plist; sourceTree = "<group>"; };
		77A834851E35906000178BDA /* ShortcutManager.swift */ = {isa = PBXFileReference; fileEncoding = 4; lastKnownFileType = sourcecode.swift; path = ShortcutManager.swift; sourceTree = "<group>"; };
/* End PBXFileReference section */

/* Begin PBXFrameworksBuildPhase section */
		775D51C21E35864700E0C74B /* Frameworks */ = {
			isa = PBXFrameworksBuildPhase;
			buildActionMask = 2147483647;
			files = (
			);
			runOnlyForDeploymentPostprocessing = 0;
		};
/* End PBXFrameworksBuildPhase section */

/* Begin PBXGroup section */
		775D51BC1E35864700E0C74B = {
			isa = PBXGroup;
			children = (
				775D51C71E35864700E0C74B /* DAApplicationShortcuts */,
				775D51C61E35864700E0C74B /* Products */,
			);
			sourceTree = "<group>";
		};
		775D51C61E35864700E0C74B /* Products */ = {
			isa = PBXGroup;
			children = (
				775D51C51E35864700E0C74B /* DAApplicationShortcuts.app */,
			);
			name = Products;
			sourceTree = "<group>";
		};
		775D51C71E35864700E0C74B /* DAApplicationShortcuts */ = {
			isa = PBXGroup;
			children = (
				775D51C81E35864700E0C74B /* AppDelegate.swift */,
				775D51CA1E35864700E0C74B /* ViewController.swift */,
				775D51CC1E35864700E0C74B /* Main.storyboard */,
				775D51CF1E35864700E0C74B /* Assets.xcassets */,
				775D51D11E35864700E0C74B /* LaunchScreen.storyboard */,
				775D51D41E35864700E0C74B /* Info.plist */,
				77A834851E35906000178BDA /* ShortcutManager.swift */,
			);
			path = DAApplicationShortcuts;
			sourceTree = "<group>";
		};
/* End PBXGroup section */

/* Begin PBXNativeTarget section */
		775D51C41E35864700E0C74B /* DAApplicationShortcuts */ = {
			isa = PBXNativeTarget;
			buildConfigurationList = 775D51D71E35864700E0C74B /* Build configuration list for PBXNativeTarget "DAApplicationShortcuts" */;
			buildPhases = (
				775D51C11E35864700E0C74B /* Sources */,
				775D51C21E35864700E0C74B /* Frameworks */,
				775D51C31E35864700E0C74B /* Resources */,
			);
			buildRules = (
			);
			dependencies = (
			);
			name = DAApplicationShortcuts;
			productName = DAApplicationShortcuts;
			productReference = 775D51C51E35864700E0C74B /* DAApplicationShortcuts.app */;
			productType = "com.apple.product-type.application";
		};
/* End PBXNativeTarget section */

/* Begin PBXProject section */
		775D51BD1E35864700E0C74B /* Project object */ = {
			isa = PBXProject;
			attributes = {
				LastSwiftUpdateCheck = 0820;
				LastUpgradeCheck = 0820;
				ORGANIZATIONNAME = Dejan;
				TargetAttributes = {
					775D51C41E35864700E0C74B = {
						CreatedOnToolsVersion = 8.2.1;
						DevelopmentTeam = C3EKZ6XDU9;
						ProvisioningStyle = Automatic;
					};
				};
			};
			buildConfigurationList = 775D51C01E35864700E0C74B /* Build configuration list for PBXProject "DAApplicationShortcuts" */;
			compatibilityVersion = "Xcode 3.2";
			developmentRegion = English;
			hasScannedForEncodings = 0;
			knownRegions = (
				en,
				Base,
			);
			mainGroup = 775D51BC1E35864700E0C74B;
			productRefGroup = 775D51C61E35864700E0C74B /* Products */;
			projectDirPath = "";
			projectRoot = "";
			targets = (
				775D51C41E35864700E0C74B /* DAApplicationShortcuts */,
			);
		};
/* End PBXProject section */

/* Begin PBXResourcesBuildPhase section */
		775D51C31E35864700E0C74B /* Resources */ = {
			isa = PBXResourcesBuildPhase;
			buildActionMask = 2147483647;
			files = (
				775D51D31E35864700E0C74B /* LaunchScreen.storyboard in Resources */,
				775D51D01E35864700E0C74B /* Assets.xcassets in Resources */,
				775D51CE1E35864700E0C74B /* Main.storyboard in Resources */,
			);
			runOnlyForDeploymentPostprocessing = 0;
		};
/* End PBXResourcesBuildPhase section */

/* Begin PBXSourcesBuildPhase section */
		775D51C11E35864700E0C74B /* Sources */ = {
			isa = PBXSourcesBuildPhase;
			buildActionMask = 2147483647;
			files = (
				775D51CB1E35864700E0C74B /* ViewController.swift in Sources */,
				77A834861E35906000178BDA /* ShortcutManager.swift in Sources */,
				775D51C91E35864700E0C74B /* AppDelegate.swift in Sources */,
			);
			runOnlyForDeploymentPostprocessing = 0;
		};
/* End PBXSourcesBuildPhase section */

/* Begin PBXVariantGroup section */
		775D51CC1E35864700E0C74B /* Main.storyboard */ = {
			isa = PBXVariantGroup;
			children = (
				775D51CD1E35864700E0C74B /* Base */,
			);
			name = Main.storyboard;
			sourceTree = "<group>";
		};
		775D51D11E35864700E0C74B /* LaunchScreen.storyboard */ = {
			isa = PBXVariantGroup;
			children = (
				775D51D21E35864700E0C74B /* Base */,
			);
			name = LaunchScreen.storyboard;
			sourceTree = "<group>";
		};
/* End PBXVariantGroup section */

/* Begin XCBuildConfiguration section */
		775D51D51E35864700E0C74B /* Debug */ = {
			isa = XCBuildConfiguration;
			buildSettings = {
				ALWAYS_SEARCH_USER_PATHS = NO;
				CLANG_ANALYZER_NONNULL = YES;
				CLANG_CXX_LANGUAGE_STANDARD = "gnu++0x";
				CLANG_CXX_LIBRARY = "libc++";
				CLANG_ENABLE_MODULES = YES;
				CLANG_ENABLE_OBJC_ARC = YES;
				CLANG_WARN_BOOL_CONVERSION = YES;
				CLANG_WARN_CONSTANT_CONVERSION = YES;
				CLANG_WARN_DIRECT_OBJC_ISA_USAGE = YES_ERROR;
				CLANG_WARN_DOCUMENTATION_COMMENTS = YES;
				CLANG_WARN_EMPTY_BODY = YES;
				CLANG_WARN_ENUM_CONVERSION = YES;
				CLANG_WARN_INFINITE_RECURSION = YES;
				CLANG_WARN_INT_CONVERSION = YES;
				CLANG_WARN_OBJC_ROOT_CLASS = YES_ERROR;
				CLANG_WARN_SUSPICIOUS_MOVE = YES;
				CLANG_WARN_UNREACHABLE_CODE = YES;
				CLANG_WARN__DUPLICATE_METHOD_MATCH = YES;
				"CODE_SIGN_IDENTITY[sdk=iphoneos*]" = "iPhone Developer";
				COPY_PHASE_STRIP = NO;
				DEBUG_INFORMATION_FORMAT = dwarf;
				ENABLE_STRICT_OBJC_MSGSEND = YES;
				ENABLE_TESTABILITY = YES;
				GCC_C_LANGUAGE_STANDARD = gnu99;
				GCC_DYNAMIC_NO_PIC = NO;
				GCC_NO_COMMON_BLOCKS = YES;
				GCC_OPTIMIZATION_LEVEL = 0;
				GCC_PREPROCESSOR_DEFINITIONS = (
					"DEBUG=1",
					"$(inherited)",
				);
				GCC_WARN_64_TO_32_BIT_CONVERSION = YES;
				GCC_WARN_ABOUT_RETURN_TYPE = YES_ERROR;
				GCC_WARN_UNDECLARED_SELECTOR = YES;
				GCC_WARN_UNINITIALIZED_AUTOS = YES_AGGRESSIVE;
				GCC_WARN_UNUSED_FUNCTION = YES;
				GCC_WARN_UNUSED_VARIABLE = YES;
				IPHONEOS_DEPLOYMENT_TARGET = 10.2;
				MTL_ENABLE_DEBUG_INFO = YES;
				ONLY_ACTIVE_ARCH = YES;
				SDKROOT = iphoneos;
				SWIFT_ACTIVE_COMPILATION_CONDITIONS = DEBUG;
				SWIFT_OPTIMIZATION_LEVEL = "-Onone";
				TARGETED_DEVICE_FAMILY = "1,2";
			};
			name = Debug;
		};
		775D51D61E35864700E0C74B /* Release */ = {
			isa = XCBuildConfiguration;
			buildSettings = {
				ALWAYS_SEARCH_USER_PATHS = NO;
				CLANG_ANALYZER_NONNULL = YES;
				CLANG_CXX_LANGUAGE_STANDARD = "gnu++0x";
				CLANG_CXX_LIBRARY = "libc++";
				CLANG_ENABLE_MODULES = YES;
				CLANG_ENABLE_OBJC_ARC = YES;
				CLANG_WARN_BOOL_CONVERSION = YES;
				CLANG_WARN_CONSTANT_CONVERSION = YES;
				CLANG_WARN_DIRECT_OBJC_ISA_USAGE = YES_ERROR;
				CLANG_WARN_DOCUMENTATION_COMMENTS = YES;
				CLANG_WARN_EMPTY_BODY = YES;
				CLANG_WARN_ENUM_CONVERSION = YES;
				CLANG_WARN_INFINITE_RECURSION = YES;
				CLANG_WARN_INT_CONVERSION = YES;
				CLANG_WARN_OBJC_ROOT_CLASS = YES_ERROR;
				CLANG_WARN_SUSPICIOUS_MOVE = YES;
				CLANG_WARN_UNREACHABLE_CODE = YES;
				CLANG_WARN__DUPLICATE_METHOD_MATCH = YES;
				"CODE_SIGN_IDENTITY[sdk=iphoneos*]" = "iPhone Developer";
				COPY_PHASE_STRIP = NO;
				DEBUG_INFORMATION_FORMAT = "dwarf-with-dsym";
				ENABLE_NS_ASSERTIONS = NO;
				ENABLE_STRICT_OBJC_MSGSEND = YES;
				GCC_C_LANGUAGE_STANDARD = gnu99;
				GCC_NO_COMMON_BLOCKS = YES;
				GCC_WARN_64_TO_32_BIT_CONVERSION = YES;
				GCC_WARN_ABOUT_RETURN_TYPE = YES_ERROR;
				GCC_WARN_UNDECLARED_SELECTOR = YES;
				GCC_WARN_UNINITIALIZED_AUTOS = YES_AGGRESSIVE;
				GCC_WARN_UNUSED_FUNCTION = YES;
				GCC_WARN_UNUSED_VARIABLE = YES;
				IPHONEOS_DEPLOYMENT_TARGET = 10.2;
				MTL_ENABLE_DEBUG_INFO = NO;
				SDKROOT = iphoneos;
				SWIFT_OPTIMIZATION_LEVEL = "-Owholemodule";
				TARGETED_DEVICE_FAMILY = "1,2";
				VALIDATE_PRODUCT = YES;
			};
			name = Release;
		};
		775D51D81E35864700E0C74B /* Debug */ = {
			isa = XCBuildConfiguration;
			buildSettings = {
				ASSETCATALOG_COMPILER_APPICON_NAME = AppIcon;
				DEVELOPMENT_TEAM = C3EKZ6XDU9;
				INFOPLIST_FILE = DAApplicationShortcuts/Info.plist;
				LD_RUNPATH_SEARCH_PATHS = "$(inherited) @executable_path/Frameworks";
				PRODUCT_BUNDLE_IDENTIFIER = agostini.tech.DAApplicationShortcuts;
				PRODUCT_NAME = "$(TARGET_NAME)";
				SWIFT_VERSION = 3.0;
			};
			name = Debug;
		};
		775D51D91E35864700E0C74B /* Release */ = {
			isa = XCBuildConfiguration;
			buildSettings = {
				ASSETCATALOG_COMPILER_APPICON_NAME = AppIcon;
				DEVELOPMENT_TEAM = C3EKZ6XDU9;
				INFOPLIST_FILE = DAApplicationShortcuts/Info.plist;
				LD_RUNPATH_SEARCH_PATHS = "$(inherited) @executable_path/Frameworks";
				PRODUCT_BUNDLE_IDENTIFIER = agostini.tech.DAApplicationShortcuts;
				PRODUCT_NAME = "$(TARGET_NAME)";
				SWIFT_VERSION = 3.0;
			};
			name = Release;
		};
/* End XCBuildConfiguration section */

/* Begin XCConfigurationList section */
		775D51C01E35864700E0C74B /* Build configuration list for PBXProject "DAApplicationShortcuts" */ = {
			isa = XCConfigurationList;
			buildConfigurations = (
				775D51D51E35864700E0C74B /* Debug */,
				775D51D61E35864700E0C74B /* Release */,
			);
			defaultConfigurationIsVisible = 0;
			defaultConfigurationName = Release;
		};
		775D51D71E35864700E0C74B /* Build configuration list for PBXNativeTarget "DAApplicationShortcuts" */ = {
			isa = XCConfigurationList;
			buildConfigurations = (
				775D51D81E35864700E0C74B /* Debug */,
				775D51D91E35864700E0C74B /* Release */,
			);
			defaultConfigurationIsVisible = 0;
			defaultConfigurationName = Release;
		};
/* End XCConfigurationList section */
	};
	rootObject = 775D51BD1E35864700E0C74B /* Project object */;
}
